
Microsoft Visual Studio Solution File, Format Version 12.00
# Visual Studio Version 17
VisualStudioVersion = 17.10.35122.118
MinimumVisualStudioVersion = 10.0.40219.1
Project("{2150E333-8FDC-42A3-9474-1A3956D46DE8}") = "Core", "Core", "{A79A9D58-B276-410A-9094-B71411DE991E}"
EndProject
Project("{2150E333-8FDC-42A3-9474-1A3956D46DE8}") = "Frontends", "Frontends", "{7AD28EB3-EF3A-4EED-B96A-9DC4A282F99F}"
EndProject
Project("{2150E333-8FDC-42A3-9474-1A3956D46DE8}") = "Infrastructure", "Infrastructure", "{0A096C4B-F7FA-4D4F-811E-0215F6FC7C84}"
EndProject
Project("{2150E333-8FDC-42A3-9474-1A3956D46DE8}") = "Presentation", "Presentation", "{976C5780-56A3-42C8-8312-172C150444FF}"
EndProject
Project("{2150E333-8FDC-42A3-9474-1A3956D46DE8}") = "Requirements", "Requirements", "{D0FBC45D-50B4-4CA2-8481-3910D3AA96BD}"
EndProject
Project("{9A19103F-16F7-4668-BE54-9A1E7A4F7556}") = "MovieApi.Domain", "Core\MovieApi.Domain\MovieApi.Domain.csproj", "{62C124C6-23DA-40B5-AB58-6ECA0B2B7C9B}"
EndProject
Project("{9A19103F-16F7-4668-BE54-9A1E7A4F7556}") = "MovieApi.Persistence", "Infrastructure\MovieApi.Persistence\MovieApi.Persistence.csproj", "{7D9B1AA3-7E53-4382-8A3E-5196ED913AD4}"
EndProject
Project("{9A19103F-16F7-4668-BE54-9A1E7A4F7556}") = "MovieApi.WebApi", "Presentation\MovieApi.WebApi\MovieApi.WebApi.csproj", "{5BFFEE66-4014-490A-A6AC-B2C847860A89}"
EndProject
Project("{9A19103F-16F7-4668-BE54-9A1E7A4F7556}") = "MovieApi.Application", "Core\MovieApi.Application\MovieApi.Application.csproj", "{BBCEA196-1A2B-4E04-83F5-4E4BA35D7AB4}"
EndProject
Project("{FAE04EC0-301F-11D3-BF4B-00C04F79EFBC}") = "MovieApi.WebUI", "Frontends\MovieApi.WebUI\MovieApi.WebUI.csproj", "{C30191FA-CCA5-4D8B-AC72-E04AD3B4C9E1}"
EndProject
Global
	GlobalSection(SolutionConfigurationPlatforms) = preSolution
		Debug|Any CPU = Debug|Any CPU
		Release|Any CPU = Release|Any CPU
	EndGlobalSection
	GlobalSection(ProjectConfigurationPlatforms) = postSolution
		{62C124C6-23DA-40B5-AB58-6ECA0B2B7C9B}.Debug|Any CPU.ActiveCfg = Debug|Any CPU
		{62C124C6-23DA-40B5-AB58-6ECA0B2B7C9B}.Debug|Any CPU.Build.0 = Debug|Any CPU
		{62C124C6-23DA-40B5-AB58-6ECA0B2B7C9B}.Release|Any CPU.ActiveCfg = Release|Any CPU
		{62C124C6-23DA-40B5-AB58-6ECA0B2B7C9B}.Release|Any CPU.Build.0 = Release|Any CPU
		{7D9B1AA3-7E53-4382-8A3E-5196ED913AD4}.Debug|Any CPU.ActiveCfg = Debug|Any CPU
		{7D9B1AA3-7E53-4382-8A3E-5196ED913AD4}.Debug|Any CPU.Build.0 = Debug|Any CPU
		{7D9B1AA3-7E53-4382-8A3E-5196ED913AD4}.Release|Any CPU.ActiveCfg = Release|Any CPU
		{7D9B1AA3-7E53-4382-8A3E-5196ED913AD4}.Release|Any CPU.Build.0 = Release|Any CPU
		{5BFFEE66-4014-490A-A6AC-B2C847860A89}.Debug|Any CPU.ActiveCfg = Debug|Any CPU
		{5BFFEE66-4014-490A-A6AC-B2C847860A89}.Debug|Any CPU.Build.0 = Debug|Any CPU
		{5BFFEE66-4014-490A-A6AC-B2C847860A89}.Release|Any CPU.ActiveCfg = Release|Any CPU
		{5BFFEE66-4014-490A-A6AC-B2C847860A89}.Release|Any CPU.Build.0 = Release|Any CPU
		{BBCEA196-1A2B-4E04-83F5-4E4BA35D7AB4}.Debug|Any CPU.ActiveCfg = Debug|Any CPU
		{BBCEA196-1A2B-4E04-83F5-4E4BA35D7AB4}.Debug|Any CPU.Build.0 = Debug|Any CPU
		{BBCEA196-1A2B-4E04-83F5-4E4BA35D7AB4}.Release|Any CPU.ActiveCfg = Release|Any CPU
		{BBCEA196-1A2B-4E04-83F5-4E4BA35D7AB4}.Release|Any CPU.Build.0 = Release|Any CPU
		{C30191FA-CCA5-4D8B-AC72-E04AD3B4C9E1}.Debug|Any CPU.ActiveCfg = Debug|Any CPU
		{C30191FA-CCA5-4D8B-AC72-E04AD3B4C9E1}.Debug|Any CPU.Build.0 = Debug|Any CPU
		{C30191FA-CCA5-4D8B-AC72-E04AD3B4C9E1}.Release|Any CPU.ActiveCfg = Release|Any CPU
		{C30191FA-CCA5-4D8B-AC72-E04AD3B4C9E1}.Release|Any CPU.Build.0 = Release|Any CPU
	EndGlobalSection
	GlobalSection(SolutionProperties) = preSolution
		HideSolutionNode = FALSE
	EndGlobalSection
	GlobalSection(NestedProjects) = preSolution
		{62C124C6-23DA-40B5-AB58-6ECA0B2B7C9B} = {A79A9D58-B276-410A-9094-B71411DE991E}
		{7D9B1AA3-7E53-4382-8A3E-5196ED913AD4} = {0A096C4B-F7FA-4D4F-811E-0215F6FC7C84}
		{5BFFEE66-4014-490A-A6AC-B2C847860A89} = {976C5780-56A3-42C8-8312-172C150444FF}
		{BBCEA196-1A2B-4E04-83F5-4E4BA35D7AB4} = {A79A9D58-B276-410A-9094-B71411DE991E}
		{C30191FA-CCA5-4D8B-AC72-E04AD3B4C9E1} = {7AD28EB3-EF3A-4EED-B96A-9DC4A282F99F}
	EndGlobalSection
	GlobalSection(ExtensibilityGlobals) = postSolution
		SolutionGuid = {1E6A8A47-66CC-4DCF-826A-930476B87932}
	EndGlobalSection
EndGlobal
